
Microsoft Visual Studio Solution File, Format Version 12.00
# Visual Studio Version 17
VisualStudioVersion = 17.5.002.0
MinimumVisualStudioVersion = 10.0.40219.1
Project("{9A19103F-16F7-4668-BE54-9A1E7A4F7556}") = "CroussoutDBPlus", "CroussoutDBPlus.csproj", "{0AF7A5DD-D921-4F30-A0FD-A985F61B0FAF}"
EndProject
Global
	GlobalSection(SolutionConfigurationPlatforms) = preSolution
		Debug|Any CPU = Debug|Any CPU
		Release|Any CPU = Release|Any CPU
	EndGlobalSection
	GlobalSection(ProjectConfigurationPlatforms) = postSolution
		{0AF7A5DD-D921-4F30-A0FD-A985F61B0FAF}.Debug|Any CPU.ActiveCfg = Debug|Any CPU
		{0AF7A5DD-D921-4F30-A0FD-A985F61B0FAF}.Debug|Any CPU.Build.0 = Debug|Any CPU
		{0AF7A5DD-D921-4F30-A0FD-A985F61B0FAF}.Release|Any CPU.ActiveCfg = Release|Any CPU
		{0AF7A5DD-D921-4F30-A0FD-A985F61B0FAF}.Release|Any CPU.Build.0 = Release|Any CPU
	EndGlobalSection
	GlobalSection(SolutionProperties) = preSolution
		HideSolutionNode = FALSE
	EndGlobalSection
	GlobalSection(ExtensibilityGlobals) = postSolution
		SolutionGuid = {4E993F44-74A6-43C1-AE06-0DD0A978395F}
	EndGlobalSection
EndGlobal
